
Microsoft Visual Studio Solution File, Format Version 12.00
# Visual Studio Express 2013 for Web
VisualStudioVersion = 12.0.21005.1
MinimumVisualStudioVersion = 10.0.40219.1
Project("{FAE04EC0-301F-11D3-BF4B-00C04F79EFBC}") = "HelloWorldService", "HelloWorldService\HelloWorldService.csproj", "{9D2E0D0B-6B4F-4DBA-9527-12531A0B1FD9}"
EndProject
Project("{FAE04EC0-301F-11D3-BF4B-00C04F79EFBC}") = "HelloWorldClient", "HelloWorldClient\HelloWorldClient.csproj", "{2B994B2F-94B8-49DE-9BD4-8E025CCE174A}"
EndProject
Project("{FAE04EC0-301F-11D3-BF4B-00C04F79EFBC}") = "HelloWorldCommon", "HelloWorldCommon\HelloWorldCommon.csproj", "{6F11CA6C-A5E6-42F0-9D6A-B13083477F26}"
EndProject
Global
	GlobalSection(SolutionConfigurationPlatforms) = preSolution
		Debug|Any CPU = Debug|Any CPU
		Release|Any CPU = Release|Any CPU
	EndGlobalSection
	GlobalSection(ProjectConfigurationPlatforms) = postSolution
		{9D2E0D0B-6B4F-4DBA-9527-12531A0B1FD9}.Debug|Any CPU.ActiveCfg = Debug|Any CPU
		{9D2E0D0B-6B4F-4DBA-9527-12531A0B1FD9}.Debug|Any CPU.Build.0 = Debug|Any CPU
		{9D2E0D0B-6B4F-4DBA-9527-12531A0B1FD9}.Release|Any CPU.ActiveCfg = Release|Any CPU
		{9D2E0D0B-6B4F-4DBA-9527-12531A0B1FD9}.Release|Any CPU.Build.0 = Release|Any CPU
		{2B994B2F-94B8-49DE-9BD4-8E025CCE174A}.Debug|Any CPU.ActiveCfg = Debug|Any CPU
		{2B994B2F-94B8-49DE-9BD4-8E025CCE174A}.Debug|Any CPU.Build.0 = Debug|Any CPU
		{2B994B2F-94B8-49DE-9BD4-8E025CCE174A}.Release|Any CPU.ActiveCfg = Release|Any CPU
		{2B994B2F-94B8-49DE-9BD4-8E025CCE174A}.Release|Any CPU.Build.0 = Release|Any CPU
		{6F11CA6C-A5E6-42F0-9D6A-B13083477F26}.Debug|Any CPU.ActiveCfg = Debug|Any CPU
		{6F11CA6C-A5E6-42F0-9D6A-B13083477F26}.Debug|Any CPU.Build.0 = Debug|Any CPU
		{6F11CA6C-A5E6-42F0-9D6A-B13083477F26}.Release|Any CPU.ActiveCfg = Release|Any CPU
		{6F11CA6C-A5E6-42F0-9D6A-B13083477F26}.Release|Any CPU.Build.0 = Release|Any CPU
	EndGlobalSection
	GlobalSection(SolutionProperties) = preSolution
		HideSolutionNode = FALSE
	EndGlobalSection
EndGlobal
